# THIS IS AN AUTOGENERATED FILE. DO NOT EDIT THIS FILE DIRECTLY.
# yarn lockfile v1


normalize.css@7.0.0:
  version "7.0.0"
  resolved "https://registry.npmjs.org/normalize.css/-/normalize.css-7.0.0.tgz#abfb1dd82470674e0322b53ceb1aaf412938e4bf"
  integrity sha1-q/sd2CRwZ04DIrU86xqvQSk45L8=

sass-mq@^3.3.2:
  version "3.3.2"
  resolved "https://registry.npmjs.org/sass-mq/-/sass-mq-3.3.2.tgz#3472e04c31a432bcd55b3b604edc72ae9a4def1a"
  integrity sha1-NHLgTDGkMrzVWztgTtxyrppN7xo=

sky-toolkit-core@2.36.0:
  version "2.36.0"
  resolved "https://registry.npmjs.org/sky-toolkit-core/-/sky-toolkit-core-2.36.0.tgz#5eed77e674c2a9ffc17bbb5f4dfd1418108154b9"
  integrity sha512-mqEWAHWIE+E7C19MnmehBqh5hqM/lMOpmNsWh+LauVZt9OwfOieNCwPG3Fr6YpLoyF0OWEIzAkUfFPgQi2PnUw==
  dependencies:
    normalize.css "7.0.0"
    sass-mq "^3.3.2"
    supercell "^1.2.0"

sky-toolkit-ui@2.36.0:
  version "2.36.0"
  resolved "https://registry.npmjs.org/sky-toolkit-ui/-/sky-toolkit-ui-2.36.0.tgz#f6d38a4256adc07f0ddeb936e04f14589944a5dd"
  integrity sha512-KNENWnOw8QjUJiOg72uGPIUJ3agTeu9RRxVKWWOpOR1+RjgZ3Isp90fvBr7udCDD4AeV7hB5AOsO4U3wv3rToA==
  dependencies:
    sky-toolkit-core "2.36.0"

supercell@^1.2.0:
  version "1.2.0"
  resolved "https://registry.npmjs.org/supercell/-/supercell-1.2.0.tgz#2227fffb9590e1e2ee5a3ef32223cdc6acd91c9e"
  integrity sha1-Iif/+5WQ4eLuWj7zIiPNxqzZHJ4=
